
Microsoft Visual Studio Solution File, Format Version 12.00
Project("{FAE04EC0-301F-11D3-BF4B-00C04F79EFBC}") = "EcommerceLite", "EcommerceLite\EcommerceLite.csproj", "{035AA8E1-B764-416B-A5A9-8BD760F3DB56}"
EndProject
Global
	GlobalSection(SolutionConfigurationPlatforms) = preSolution
		Debug|Any CPU = Debug|Any CPU
		Release|Any CPU = Release|Any CPU
	EndGlobalSection
	GlobalSection(ProjectConfigurationPlatforms) = postSolution
		{035AA8E1-B764-416B-A5A9-8BD760F3DB56}.Debug|Any CPU.ActiveCfg = Debug|Any CPU
		{035AA8E1-B764-416B-A5A9-8BD760F3DB56}.Debug|Any CPU.Build.0 = Debug|Any CPU
		{035AA8E1-B764-416B-A5A9-8BD760F3DB56}.Release|Any CPU.ActiveCfg = Release|Any CPU
		{035AA8E1-B764-416B-A5A9-8BD760F3DB56}.Release|Any CPU.Build.0 = Release|Any CPU
	EndGlobalSection
EndGlobal
